
Microsoft Visual Studio Solution File, Format Version 12.00
# Visual Studio 15
VisualStudioVersion = 15.0.27703.2047
MinimumVisualStudioVersion = 10.0.40219.1
Project("{9A19103F-16F7-4668-BE54-9A1E7A4F7556}") = "api", "api\api.csproj", "{F00C8863-B1E4-437B-8A16-A9E24D875B1D}"
EndProject
Project("{2150E333-8FDC-42A3-9474-1A3956D46DE8}") = "tests", "tests", "{C8AE7B8E-8B54-4D47-B070-0469717C03BD}"
EndProject
Project("{9A19103F-16F7-4668-BE54-9A1E7A4F7556}") = "api.tests", "tests\api.tests\api.tests.csproj", "{C21D0AC2-1D14-4787-84C7-E2868FEF80F6}"
EndProject
Project("{E24C65DC-7377-472B-9ABA-BC803B73C61A}") = "ui", "ui\", "{547E7DF7-32DC-42C5-AA3E-7EF72233248F}"
	ProjectSection(WebsiteProperties) = preProject
		TargetFrameworkMoniker = ".NETFramework,Version%3Dv4.0"
		Debug.AspNetCompiler.VirtualPath = "/localhost_52361"
		Debug.AspNetCompiler.PhysicalPath = "ui\"
		Debug.AspNetCompiler.TargetPath = "PrecompiledWeb\localhost_52361\"
		Debug.AspNetCompiler.Updateable = "true"
		Debug.AspNetCompiler.ForceOverwrite = "true"
		Debug.AspNetCompiler.FixedNames = "false"
		Debug.AspNetCompiler.Debug = "True"
		Release.AspNetCompiler.VirtualPath = "/localhost_52361"
		Release.AspNetCompiler.PhysicalPath = "ui\"
		Release.AspNetCompiler.TargetPath = "PrecompiledWeb\localhost_52361\"
		Release.AspNetCompiler.Updateable = "true"
		Release.AspNetCompiler.ForceOverwrite = "true"
		Release.AspNetCompiler.FixedNames = "false"
		Release.AspNetCompiler.Debug = "False"
		VWDPort = "52361"
		SlnRelativePath = "ui\"
	EndProjectSection
EndProject
Project("{2150E333-8FDC-42A3-9474-1A3956D46DE8}") = "Solution Items", "Solution Items", "{FB30D007-9F02-4A66-B9D7-B7713D04D01D}"
	ProjectSection(SolutionItems) = preProject
		README.md = README.md
	EndProjectSection
EndProject
Project("{2150E333-8FDC-42A3-9474-1A3956D46DE8}") = "services", "services", "{E4494782-AF2A-4193-B3F5-72187433EC37}"
EndProject
Project("{9A19103F-16F7-4668-BE54-9A1E7A4F7556}") = "twilioService", "twilioService\twilioService.csproj", "{0F9F293D-DF06-4CA7-B4F4-62E8A25A1108}"
EndProject
Project("{2150E333-8FDC-42A3-9474-1A3956D46DE8}") = "business Objects", "business Objects", "{FEB1BECA-728F-4C4D-A5EF-265EF2F3B437}"
EndProject
Project("{FAE04EC0-301F-11D3-BF4B-00C04F79EFBC}") = "BusinessObjects", "BusinessObjects\BusinessObjects.csproj", "{DCC94EA5-BE89-46E0-B586-A3757D37BC93}"
EndProject
Global
	GlobalSection(SolutionConfigurationPlatforms) = preSolution
		Debug|Any CPU = Debug|Any CPU
		Release|Any CPU = Release|Any CPU
	EndGlobalSection
	GlobalSection(ProjectConfigurationPlatforms) = postSolution
		{F00C8863-B1E4-437B-8A16-A9E24D875B1D}.Debug|Any CPU.ActiveCfg = Debug|Any CPU
		{F00C8863-B1E4-437B-8A16-A9E24D875B1D}.Debug|Any CPU.Build.0 = Debug|Any CPU
		{F00C8863-B1E4-437B-8A16-A9E24D875B1D}.Release|Any CPU.ActiveCfg = Release|Any CPU
		{F00C8863-B1E4-437B-8A16-A9E24D875B1D}.Release|Any CPU.Build.0 = Release|Any CPU
		{C21D0AC2-1D14-4787-84C7-E2868FEF80F6}.Debug|Any CPU.ActiveCfg = Debug|Any CPU
		{C21D0AC2-1D14-4787-84C7-E2868FEF80F6}.Debug|Any CPU.Build.0 = Debug|Any CPU
		{C21D0AC2-1D14-4787-84C7-E2868FEF80F6}.Release|Any CPU.ActiveCfg = Release|Any CPU
		{C21D0AC2-1D14-4787-84C7-E2868FEF80F6}.Release|Any CPU.Build.0 = Release|Any CPU
		{547E7DF7-32DC-42C5-AA3E-7EF72233248F}.Debug|Any CPU.ActiveCfg = Debug|Any CPU
		{547E7DF7-32DC-42C5-AA3E-7EF72233248F}.Debug|Any CPU.Build.0 = Debug|Any CPU
		{547E7DF7-32DC-42C5-AA3E-7EF72233248F}.Release|Any CPU.ActiveCfg = Debug|Any CPU
		{547E7DF7-32DC-42C5-AA3E-7EF72233248F}.Release|Any CPU.Build.0 = Debug|Any CPU
		{0F9F293D-DF06-4CA7-B4F4-62E8A25A1108}.Debug|Any CPU.ActiveCfg = Debug|Any CPU
		{0F9F293D-DF06-4CA7-B4F4-62E8A25A1108}.Debug|Any CPU.Build.0 = Debug|Any CPU
		{0F9F293D-DF06-4CA7-B4F4-62E8A25A1108}.Release|Any CPU.ActiveCfg = Release|Any CPU
		{0F9F293D-DF06-4CA7-B4F4-62E8A25A1108}.Release|Any CPU.Build.0 = Release|Any CPU
		{DCC94EA5-BE89-46E0-B586-A3757D37BC93}.Debug|Any CPU.ActiveCfg = Debug|Any CPU
		{DCC94EA5-BE89-46E0-B586-A3757D37BC93}.Debug|Any CPU.Build.0 = Debug|Any CPU
		{DCC94EA5-BE89-46E0-B586-A3757D37BC93}.Release|Any CPU.ActiveCfg = Release|Any CPU
		{DCC94EA5-BE89-46E0-B586-A3757D37BC93}.Release|Any CPU.Build.0 = Release|Any CPU
	EndGlobalSection
	GlobalSection(SolutionProperties) = preSolution
		HideSolutionNode = FALSE
	EndGlobalSection
	GlobalSection(NestedProjects) = preSolution
		{C21D0AC2-1D14-4787-84C7-E2868FEF80F6} = {C8AE7B8E-8B54-4D47-B070-0469717C03BD}
		{E4494782-AF2A-4193-B3F5-72187433EC37} = {FB30D007-9F02-4A66-B9D7-B7713D04D01D}
		{0F9F293D-DF06-4CA7-B4F4-62E8A25A1108} = {E4494782-AF2A-4193-B3F5-72187433EC37}
		{FEB1BECA-728F-4C4D-A5EF-265EF2F3B437} = {FB30D007-9F02-4A66-B9D7-B7713D04D01D}
		{DCC94EA5-BE89-46E0-B586-A3757D37BC93} = {FEB1BECA-728F-4C4D-A5EF-265EF2F3B437}
	EndGlobalSection
	GlobalSection(ExtensibilityGlobals) = postSolution
		SolutionGuid = {3A5623BC-D94F-4AC8-AAFE-5A9C10E871CB}
	EndGlobalSection
EndGlobal
